// !$*UTF8*$!
{
	archiveVersion = 1;
	classes = {
	};
	objectVersion = 48;
	objects = {

/* Begin PBXBuildFile section */
		6542178D1F8C99580003028C /* SearchViewController.m in Sources */ = {isa = PBXBuildFile; fileRef = 6542178C1F8C99580003028C /* SearchViewController.m */; };
		65539EDB1F8C696C00527887 /* AppDelegate.m in Sources */ = {isa = PBXBuildFile; fileRef = 65539EDA1F8C696C00527887 /* AppDelegate.m */; };
		65539EDE1F8C696C00527887 /* ViewController.m in Sources */ = {isa = PBXBuildFile; fileRef = 65539EDD1F8C696C00527887 /* ViewController.m */; };
		65539EE11F8C696C00527887 /* Main.storyboard in Resources */ = {isa = PBXBuildFile; fileRef = 65539EDF1F8C696C00527887 /* Main.storyboard */; };
		65539EE31F8C696C00527887 /* Assets.xcassets in Resources */ = {isa = PBXBuildFile; fileRef = 65539EE21F8C696C00527887 /* Assets.xcassets */; };
		65539EE61F8C696C00527887 /* LaunchScreen.storyboard in Resources */ = {isa = PBXBuildFile; fileRef = 65539EE41F8C696C00527887 /* LaunchScreen.storyboard */; };
		65539EE91F8C696D00527887 /* main.m in Sources */ = {isa = PBXBuildFile; fileRef = 65539EE81F8C696D00527887 /* main.m */; };
		65539EF11F8C69BE00527887 /* NewFutureViewController.m in Sources */ = {isa = PBXBuildFile; fileRef = 65539EF01F8C69BE00527887 /* NewFutureViewController.m */; };
		65539EF41F8C69DA00527887 /* OldViewController.m in Sources */ = {isa = PBXBuildFile; fileRef = 65539EF31F8C69DA00527887 /* OldViewController.m */; };
/* End PBXBuildFile section */

/* Begin PBXFileReference section */
		6542178B1F8C99580003028C /* SearchViewController.h */ = {isa = PBXFileReference; lastKnownFileType = sourcecode.c.h; path = SearchViewController.h; sourceTree = "<group>"; };
		6542178C1F8C99580003028C /* SearchViewController.m */ = {isa = PBXFileReference; lastKnownFileType = sourcecode.c.objc; path = SearchViewController.m; sourceTree = "<group>"; };
		65539ED61F8C696B00527887 /* SearchController.app */ = {isa = PBXFileReference; explicitFileType = wrapper.application; includeInIndex = 0; path = SearchController.app; sourceTree = BUILT_PRODUCTS_DIR; };
		65539ED91F8C696C00527887 /* AppDelegate.h */ = {isa = PBXFileReference; lastKnownFileType = sourcecode.c.h; path = AppDelegate.h; sourceTree = "<group>"; };
		65539EDA1F8C696C00527887 /* AppDelegate.m */ = {isa = PBXFileReference; lastKnownFileType = sourcecode.c.objc; path = AppDelegate.m; sourceTree = "<group>"; };
		65539EDC1F8C696C00527887 /* ViewController.h */ = {isa = PBXFileReference; lastKnownFileType = sourcecode.c.h; path = ViewController.h; sourceTree = "<group>"; };
		65539EDD1F8C696C00527887 /* ViewController.m */ = {isa = PBXFileReference; lastKnownFileType = sourcecode.c.objc; path = ViewController.m; sourceTree = "<group>"; };
		65539EE01F8C696C00527887 /* Base */ = {isa = PBXFileReference; lastKnownFileType = file.storyboard; name = Base; path = Base.lproj/Main.storyboard; sourceTree = "<group>"; };
		65539EE21F8C696C00527887 /* Assets.xcassets */ = {isa = PBXFileReference; lastKnownFileType = folder.assetcatalog; path = Assets.xcassets; sourceTree = "<group>"; };
		65539EE51F8C696C00527887 /* Base */ = {isa = PBXFileReference; lastKnownFileType = file.storyboard; name = Base; path = Base.lproj/LaunchScreen.storyboard; sourceTree = "<group>"; };
		65539EE71F8C696D00527887 /* Info.plist */ = {isa = PBXFileReference; lastKnownFileType = text.plist.xml; path = Info.plist; sourceTree = "<group>"; };
		65539EE81F8C696D00527887 /* main.m */ = {isa = PBXFileReference; lastKnownFileType = sourcecode.c.objc; path = main.m; sourceTree = "<group>"; };
		65539EEF1F8C69BE00527887 /* NewFutureViewController.h */ = {isa = PBXFileReference; lastKnownFileType = sourcecode.c.h; path = NewFutureViewController.h; sourceTree = "<group>"; };
		65539EF01F8C69BE00527887 /* NewFutureViewController.m */ = {isa = PBXFileReference; lastKnownFileType = sourcecode.c.objc; path = NewFutureViewController.m; sourceTree = "<group>"; };
		65539EF21F8C69DA00527887 /* OldViewController.h */ = {isa = PBXFileReference; lastKnownFileType = sourcecode.c.h; path = OldViewController.h; sourceTree = "<group>"; };
		65539EF31F8C69DA00527887 /* OldViewController.m */ = {isa = PBXFileReference; lastKnownFileType = sourcecode.c.objc; path = OldViewController.m; sourceTree = "<group>"; };
/* End PBXFileReference section */

/* Begin PBXFrameworksBuildPhase section */
		65539ED31F8C696B00527887 /* Frameworks */ = {
			isa = PBXFrameworksBuildPhase;
			buildActionMask = 2147483647;
			files = (
			);
			runOnlyForDeploymentPostprocessing = 0;
		};
/* End PBXFrameworksBuildPhase section */

/* Begin PBXGroup section */
		65539ECD1F8C696B00527887 = {
			isa = PBXGroup;
			children = (
				65539ED81F8C696C00527887 /* SearchController */,
				65539ED71F8C696B00527887 /* Products */,
			);
			sourceTree = "<group>";
		};
		65539ED71F8C696B00527887 /* Products */ = {
			isa = PBXGroup;
			children = (
				65539ED61F8C696B00527887 /* SearchController.app */,
			);
			name = Products;
			sourceTree = "<group>";
		};
		65539ED81F8C696C00527887 /* SearchController */ = {
			isa = PBXGroup;
			children = (
				65539ED91F8C696C00527887 /* AppDelegate.h */,
				65539EDA1F8C696C00527887 /* AppDelegate.m */,
				65539EDC1F8C696C00527887 /* ViewController.h */,
				65539EDD1F8C696C00527887 /* ViewController.m */,
				65539EDF1F8C696C00527887 /* Main.storyboard */,
				65539EE21F8C696C00527887 /* Assets.xcassets */,
				65539EE41F8C696C00527887 /* LaunchScreen.storyboard */,
				65539EE71F8C696D00527887 /* Info.plist */,
				65539EE81F8C696D00527887 /* main.m */,
				65539EEF1F8C69BE00527887 /* NewFutureViewController.h */,
				65539EF01F8C69BE00527887 /* NewFutureViewController.m */,
				65539EF21F8C69DA00527887 /* OldViewController.h */,
				65539EF31F8C69DA00527887 /* OldViewController.m */,
				6542178B1F8C99580003028C /* SearchViewController.h */,
				6542178C1F8C99580003028C /* SearchViewController.m */,
			);
			path = SearchController;
			sourceTree = "<group>";
		};
/* End PBXGroup section */

/* Begin PBXNativeTarget section */
		65539ED51F8C696B00527887 /* SearchController */ = {
			isa = PBXNativeTarget;
			buildConfigurationList = 65539EEC1F8C696D00527887 /* Build configuration list for PBXNativeTarget "SearchController" */;
			buildPhases = (
				65539ED21F8C696B00527887 /* Sources */,
				65539ED31F8C696B00527887 /* Frameworks */,
				65539ED41F8C696B00527887 /* Resources */,
			);
			buildRules = (
			);
			dependencies = (
			);
			name = SearchController;
			productName = SearchController;
			productReference = 65539ED61F8C696B00527887 /* SearchController.app */;
			productType = "com.apple.product-type.application";
		};
/* End PBXNativeTarget section */

/* Begin PBXProject section */
		65539ECE1F8C696B00527887 /* Project object */ = {
			isa = PBXProject;
			attributes = {
				LastUpgradeCheck = 0900;
				ORGANIZATIONNAME = CaiJie;
				TargetAttributes = {
					65539ED51F8C696B00527887 = {
						CreatedOnToolsVersion = 9.0;
						ProvisioningStyle = Automatic;
					};
				};
			};
			buildConfigurationList = 65539ED11F8C696B00527887 /* Build configuration list for PBXProject "SearchController" */;
			compatibilityVersion = "Xcode 8.0";
			developmentRegion = en;
			hasScannedForEncodings = 0;
			knownRegions = (
				en,
				Base,
			);
			mainGroup = 65539ECD1F8C696B00527887;
			productRefGroup = 65539ED71F8C696B00527887 /* Products */;
			projectDirPath = "";
			projectRoot = "";
			targets = (
				65539ED51F8C696B00527887 /* SearchController */,
			);
		};
/* End PBXProject section */

/* Begin PBXResourcesBuildPhase section */
		65539ED41F8C696B00527887 /* Resources */ = {
			isa = PBXResourcesBuildPhase;
			buildActionMask = 2147483647;
			files = (
				65539EE61F8C696C00527887 /* LaunchScreen.storyboard in Resources */,
				65539EE31F8C696C00527887 /* Assets.xcassets in Resources */,
				65539EE11F8C696C00527887 /* Main.storyboard in Resources */,
			);
			runOnlyForDeploymentPostprocessing = 0;
		};
/* End PBXResourcesBuildPhase section */

/* Begin PBXSourcesBuildPhase section */
		65539ED21F8C696B00527887 /* Sources */ = {
			isa = PBXSourcesBuildPhase;
			buildActionMask = 2147483647;
			files = (
				65539EF11F8C69BE00527887 /* NewFutureViewController.m in Sources */,
				65539EDE1F8C696C00527887 /* ViewController.m in Sources */,
				65539EF41F8C69DA00527887 /* OldViewController.m in Sources */,
				65539EE91F8C696D00527887 /* main.m in Sources */,
				6542178D1F8C99580003028C /* SearchViewController.m in Sources */,
				65539EDB1F8C696C00527887 /* AppDelegate.m in Sources */,
			);
			runOnlyForDeploymentPostprocessing = 0;
		};
/* End PBXSourcesBuildPhase section */

/* Begin PBXVariantGroup section */
		65539EDF1F8C696C00527887 /* Main.storyboard */ = {
			isa = PBXVariantGroup;
			children = (
				65539EE01F8C696C00527887 /* Base */,
			);
			name = Main.storyboard;
			sourceTree = "<group>";
		};
		65539EE41F8C696C00527887 /* LaunchScreen.storyboard */ = {
			isa = PBXVariantGroup;
			children = (
				65539EE51F8C696C00527887 /* Base */,
			);
			name = LaunchScreen.storyboard;
			sourceTree = "<group>";
		};
/* End PBXVariantGroup section */

/* Begin XCBuildConfiguration section */
		65539EEA1F8C696D00527887 /* Debug */ = {
			isa = XCBuildConfiguration;
			buildSettings = {
				ALWAYS_SEARCH_USER_PATHS = NO;
				CLANG_ANALYZER_NONNULL = YES;
				CLANG_ANALYZER_NUMBER_OBJECT_CONVERSION = YES_AGGRESSIVE;
				CLANG_CXX_LANGUAGE_STANDARD = "gnu++14";
				CLANG_CXX_LIBRARY = "libc++";
				CLANG_ENABLE_MODULES = YES;
				CLANG_ENABLE_OBJC_ARC = YES;
				CLANG_WARN_BLOCK_CAPTURE_AUTORELEASING = YES;
				CLANG_WARN_BOOL_CONVERSION = YES;
				CLANG_WARN_COMMA = YES;
				CLANG_WARN_CONSTANT_CONVERSION = YES;
				CLANG_WARN_DIRECT_OBJC_ISA_USAGE = YES_ERROR;
				CLANG_WARN_DOCUMENTATION_COMMENTS = YES;
				CLANG_WARN_EMPTY_BODY = YES;
				CLANG_WARN_ENUM_CONVERSION = YES;
				CLANG_WARN_INFINITE_RECURSION = YES;
				CLANG_WARN_INT_CONVERSION = YES;
				CLANG_WARN_NON_LITERAL_NULL_CONVERSION = YES;
				CLANG_WARN_OBJC_LITERAL_CONVERSION = YES;
				CLANG_WARN_OBJC_ROOT_CLASS = YES_ERROR;
				CLANG_WARN_RANGE_LOOP_ANALYSIS = YES;
				CLANG_WARN_STRICT_PROTOTYPES = YES;
				CLANG_WARN_SUSPICIOUS_MOVE = YES;
				CLANG_WARN_UNGUARDED_AVAILABILITY = YES_AGGRESSIVE;
				CLANG_WARN_UNREACHABLE_CODE = YES;
				CLANG_WARN__DUPLICATE_METHOD_MATCH = YES;
				CODE_SIGN_IDENTITY = "iPhone Developer";
				COPY_PHASE_STRIP = NO;
				DEBUG_INFORMATION_FORMAT = dwarf;
				ENABLE_STRICT_OBJC_MSGSEND = YES;
				ENABLE_TESTABILITY = YES;
				GCC_C_LANGUAGE_STANDARD = gnu11;
				GCC_DYNAMIC_NO_PIC = NO;
				GCC_NO_COMMON_BLOCKS = YES;
				GCC_OPTIMIZATION_LEVEL = 0;
				GCC_PREPROCESSOR_DEFINITIONS = (
					"DEBUG=1",
					"$(inherited)",
				);
				GCC_WARN_64_TO_32_BIT_CONVERSION = YES;
				GCC_WARN_ABOUT_RETURN_TYPE = YES_ERROR;
				GCC_WARN_UNDECLARED_SELECTOR = YES;
				GCC_WARN_UNINITIALIZED_AUTOS = YES_AGGRESSIVE;
				GCC_WARN_UNUSED_FUNCTION = YES;
				GCC_WARN_UNUSED_VARIABLE = YES;
				IPHONEOS_DEPLOYMENT_TARGET = 11.0;
				MTL_ENABLE_DEBUG_INFO = YES;
				ONLY_ACTIVE_ARCH = YES;
				SDKROOT = iphoneos;
			};
			name = Debug;
		};
		65539EEB1F8C696D00527887 /* Release */ = {
			isa = XCBuildConfiguration;
			buildSettings = {
				ALWAYS_SEARCH_USER_PATHS = NO;
				CLANG_ANALYZER_NONNULL = YES;
				CLANG_ANALYZER_NUMBER_OBJECT_CONVERSION = YES_AGGRESSIVE;
				CLANG_CXX_LANGUAGE_STANDARD = "gnu++14";
				CLANG_CXX_LIBRARY = "libc++";
				CLANG_ENABLE_MODULES = YES;
				CLANG_ENABLE_OBJC_ARC = YES;
				CLANG_WARN_BLOCK_CAPTURE_AUTORELEASING = YES;
				CLANG_WARN_BOOL_CONVERSION = YES;
				CLANG_WARN_COMMA = YES;
				CLANG_WARN_CONSTANT_CONVERSION = YES;
				CLANG_WARN_DIRECT_OBJC_ISA_USAGE = YES_ERROR;
				CLANG_WARN_DOCUMENTATION_COMMENTS = YES;
				CLANG_WARN_EMPTY_BODY = YES;
				CLANG_WARN_ENUM_CONVERSION = YES;
				CLANG_WARN_INFINITE_RECURSION = YES;
				CLANG_WARN_INT_CONVERSION = YES;
				CLANG_WARN_NON_LITERAL_NULL_CONVERSION = YES;
				CLANG_WARN_OBJC_LITERAL_CONVERSION = YES;
				CLANG_WARN_OBJC_ROOT_CLASS = YES_ERROR;
				CLANG_WARN_RANGE_LOOP_ANALYSIS = YES;
				CLANG_WARN_STRICT_PROTOTYPES = YES;
				CLANG_WARN_SUSPICIOUS_MOVE = YES;
				CLANG_WARN_UNGUARDED_AVAILABILITY = YES_AGGRESSIVE;
				CLANG_WARN_UNREACHABLE_CODE = YES;
				CLANG_WARN__DUPLICATE_METHOD_MATCH = YES;
				CODE_SIGN_IDENTITY = "iPhone Developer";
				COPY_PHASE_STRIP = NO;
				DEBUG_INFORMATION_FORMAT = "dwarf-with-dsym";
				ENABLE_NS_ASSERTIONS = NO;
				ENABLE_STRICT_OBJC_MSGSEND = YES;
				GCC_C_LANGUAGE_STANDARD = gnu11;
				GCC_NO_COMMON_BLOCKS = YES;
				GCC_WARN_64_TO_32_BIT_CONVERSION = YES;
				GCC_WARN_ABOUT_RETURN_TYPE = YES_ERROR;
				GCC_WARN_UNDECLARED_SELECTOR = YES;
				GCC_WARN_UNINITIALIZED_AUTOS = YES_AGGRESSIVE;
				GCC_WARN_UNUSED_FUNCTION = YES;
				GCC_WARN_UNUSED_VARIABLE = YES;
				IPHONEOS_DEPLOYMENT_TARGET = 11.0;
				MTL_ENABLE_DEBUG_INFO = NO;
				SDKROOT = iphoneos;
				VALIDATE_PRODUCT = YES;
			};
			name = Release;
		};
		65539EED1F8C696D00527887 /* Debug */ = {
			isa = XCBuildConfiguration;
			buildSettings = {
				ASSETCATALOG_COMPILER_APPICON_NAME = AppIcon;
				CODE_SIGN_STYLE = Automatic;
				DEVELOPMENT_TEAM = S86YM42GLG;
				INFOPLIST_FILE = SearchController/Info.plist;
				LD_RUNPATH_SEARCH_PATHS = "$(inherited) @executable_path/Frameworks";
				PRODUCT_BUNDLE_IDENTIFIER = com.wanmei.SearchController1;
				PRODUCT_NAME = "$(TARGET_NAME)";
				TARGETED_DEVICE_FAMILY = "1,2";
			};
			name = Debug;
		};
		65539EEE1F8C696D00527887 /* Release */ = {
			isa = XCBuildConfiguration;
			buildSettings = {
				ASSETCATALOG_COMPILER_APPICON_NAME = AppIcon;
				CODE_SIGN_STYLE = Automatic;
				DEVELOPMENT_TEAM = S86YM42GLG;
				INFOPLIST_FILE = SearchController/Info.plist;
				LD_RUNPATH_SEARCH_PATHS = "$(inherited) @executable_path/Frameworks";
				PRODUCT_BUNDLE_IDENTIFIER = com.wanmei.SearchController1;
				PRODUCT_NAME = "$(TARGET_NAME)";
				TARGETED_DEVICE_FAMILY = "1,2";
			};
			name = Release;
		};
/* End XCBuildConfiguration section */

/* Begin XCConfigurationList section */
		65539ED11F8C696B00527887 /* Build configuration list for PBXProject "SearchController" */ = {
			isa = XCConfigurationList;
			buildConfigurations = (
				65539EEA1F8C696D00527887 /* Debug */,
				65539EEB1F8C696D00527887 /* Release */,
			);
			defaultConfigurationIsVisible = 0;
			defaultConfigurationName = Release;
		};
		65539EEC1F8C696D00527887 /* Build configuration list for PBXNativeTarget "SearchController" */ = {
			isa = XCConfigurationList;
			buildConfigurations = (
				65539EED1F8C696D00527887 /* Debug */,
				65539EEE1F8C696D00527887 /* Release */,
			);
			defaultConfigurationIsVisible = 0;
			defaultConfigurationName = Release;
		};
/* End XCConfigurationList section */
	};
	rootObject = 65539ECE1F8C696B00527887 /* Project object */;
}
